// !$*UTF8*$!
{
	archiveVersion = 1;
	classes = {
	};
	objectVersion = 46;
	objects = {

/* Begin PBXBuildFile section */
		44F0AF6615D945A000D99CED /* CoreFoundation.framework in Frameworks */ = {isa = PBXBuildFile; fileRef = 44F0AF6515D945A000D99CED /* CoreFoundation.framework */; };
		44F0AF6915D945A000D99CED /* main.c in Sources */ = {isa = PBXBuildFile; fileRef = 44F0AF6815D945A000D99CED /* main.c */; };
		44F0AF6B15D945A000D99CED /* URLDecoder.1 in CopyFiles */ = {isa = PBXBuildFile; fileRef = 44F0AF6A15D945A000D99CED /* URLDecoder.1 */; };
/* End PBXBuildFile section */

/* Begin PBXCopyFilesBuildPhase section */
		44F0AF5F15D945A000D99CED /* CopyFiles */ = {
			isa = PBXCopyFilesBuildPhase;
			buildActionMask = 2147483647;
			dstPath = /usr/share/man/man1/;
			dstSubfolderSpec = 0;
			files = (
				44F0AF6B15D945A000D99CED /* URLDecoder.1 in CopyFiles */,
			);
			runOnlyForDeploymentPostprocessing = 1;
		};
/* End PBXCopyFilesBuildPhase section */

/* Begin PBXFileReference section */
		44F0AF6115D945A000D99CED /* URLDecoder */ = {isa = PBXFileReference; explicitFileType = "compiled.mach-o.executable"; includeInIndex = 0; path = URLDecoder; sourceTree = BUILT_PRODUCTS_DIR; };
		44F0AF6515D945A000D99CED /* CoreFoundation.framework */ = {isa = PBXFileReference; lastKnownFileType = wrapper.framework; name = CoreFoundation.framework; path = System/Library/Frameworks/CoreFoundation.framework; sourceTree = SDKROOT; };
		44F0AF6815D945A000D99CED /* main.c */ = {isa = PBXFileReference; lastKnownFileType = sourcecode.c.c; path = main.c; sourceTree = "<group>"; };
		44F0AF6A15D945A000D99CED /* URLDecoder.1 */ = {isa = PBXFileReference; lastKnownFileType = text.man; path = URLDecoder.1; sourceTree = "<group>"; };
/* End PBXFileReference section */

/* Begin PBXFrameworksBuildPhase section */
		44F0AF5E15D945A000D99CED /* Frameworks */ = {
			isa = PBXFrameworksBuildPhase;
			buildActionMask = 2147483647;
			files = (
				44F0AF6615D945A000D99CED /* CoreFoundation.framework in Frameworks */,
			);
			runOnlyForDeploymentPostprocessing = 0;
		};
/* End PBXFrameworksBuildPhase section */

/* Begin PBXGroup section */
		44F0AF5615D945A000D99CED = {
			isa = PBXGroup;
			children = (
				44F0AF6715D945A000D99CED /* URLDecoder */,
				44F0AF6415D945A000D99CED /* Frameworks */,
				44F0AF6215D945A000D99CED /* Products */,
			);
			sourceTree = "<group>";
		};
		44F0AF6215D945A000D99CED /* Products */ = {
			isa = PBXGroup;
			children = (
				44F0AF6115D945A000D99CED /* URLDecoder */,
			);
			name = Products;
			sourceTree = "<group>";
		};
		44F0AF6415D945A000D99CED /* Frameworks */ = {
			isa = PBXGroup;
			children = (
				44F0AF6515D945A000D99CED /* CoreFoundation.framework */,
			);
			name = Frameworks;
			sourceTree = "<group>";
		};
		44F0AF6715D945A000D99CED /* URLDecoder */ = {
			isa = PBXGroup;
			children = (
				44F0AF6815D945A000D99CED /* main.c */,
				44F0AF6A15D945A000D99CED /* URLDecoder.1 */,
			);
			name = URLDecoder;
			path = URLEncoder;
			sourceTree = "<group>";
		};
/* End PBXGroup section */

/* Begin PBXNativeTarget section */
		44F0AF6015D945A000D99CED /* URLDecoder */ = {
			isa = PBXNativeTarget;
			buildConfigurationList = 44F0AF6E15D945A000D99CED /* Build configuration list for PBXNativeTarget "URLDecoder" */;
			buildPhases = (
				44F0AF5D15D945A000D99CED /* Sources */,
				44F0AF5E15D945A000D99CED /* Frameworks */,
				44F0AF5F15D945A000D99CED /* CopyFiles */,
			);
			buildRules = (
			);
			dependencies = (
			);
			name = URLDecoder;
			productName = URLEncoder;
			productReference = 44F0AF6115D945A000D99CED /* URLDecoder */;
			productType = "com.apple.product-type.tool";
		};
/* End PBXNativeTarget section */

/* Begin PBXProject section */
		44F0AF5815D945A000D99CED /* Project object */ = {
			isa = PBXProject;
			attributes = {
				LastUpgradeCheck = 0440;
				ORGANIZATIONNAME = "Volker Bach";
			};
			buildConfigurationList = 44F0AF5B15D945A000D99CED /* Build configuration list for PBXProject "URLDecoder" */;
			compatibilityVersion = "Xcode 3.2";
			developmentRegion = English;
			hasScannedForEncodings = 0;
			knownRegions = (
				en,
			);
			mainGroup = 44F0AF5615D945A000D99CED;
			productRefGroup = 44F0AF6215D945A000D99CED /* Products */;
			projectDirPath = "";
			projectRoot = "";
			targets = (
				44F0AF6015D945A000D99CED /* URLDecoder */,
			);
		};
/* End PBXProject section */

/* Begin PBXSourcesBuildPhase section */
		44F0AF5D15D945A000D99CED /* Sources */ = {
			isa = PBXSourcesBuildPhase;
			buildActionMask = 2147483647;
			files = (
				44F0AF6915D945A000D99CED /* main.c in Sources */,
			);
			runOnlyForDeploymentPostprocessing = 0;
		};
/* End PBXSourcesBuildPhase section */

/* Begin XCBuildConfiguration section */
		44F0AF6C15D945A000D99CED /* Debug */ = {
			isa = XCBuildConfiguration;
			buildSettings = {
				ALWAYS_SEARCH_USER_PATHS = NO;
				ARCHS = "$(ARCHS_STANDARD_64_BIT)";
				CLANG_CXX_LANGUAGE_STANDARD = "gnu++0x";
				CLANG_ENABLE_OBJC_ARC = YES;
				CLANG_WARN__DUPLICATE_METHOD_MATCH = YES;
				COPY_PHASE_STRIP = NO;
				GCC_C_LANGUAGE_STANDARD = gnu99;
				GCC_DYNAMIC_NO_PIC = NO;
				GCC_ENABLE_OBJC_EXCEPTIONS = YES;
				GCC_OPTIMIZATION_LEVEL = 0;
				GCC_PREPROCESSOR_DEFINITIONS = (
					"DEBUG=1",
					"$(inherited)",
				);
				GCC_SYMBOLS_PRIVATE_EXTERN = NO;
				GCC_WARN_64_TO_32_BIT_CONVERSION = YES;
				GCC_WARN_ABOUT_RETURN_TYPE = YES;
				GCC_WARN_UNINITIALIZED_AUTOS = YES;
				GCC_WARN_UNUSED_VARIABLE = YES;
				MACOSX_DEPLOYMENT_TARGET = 10.8;
				ONLY_ACTIVE_ARCH = YES;
				SDKROOT = macosx;
			};
			name = Debug;
		};
		44F0AF6D15D945A000D99CED /* Release */ = {
			isa = XCBuildConfiguration;
			buildSettings = {
				ALWAYS_SEARCH_USER_PATHS = NO;
				ARCHS = "$(ARCHS_STANDARD_64_BIT)";
				CLANG_CXX_LANGUAGE_STANDARD = "gnu++0x";
				CLANG_ENABLE_OBJC_ARC = YES;
				CLANG_WARN__DUPLICATE_METHOD_MATCH = YES;
				COPY_PHASE_STRIP = YES;
				DEBUG_INFORMATION_FORMAT = "dwarf-with-dsym";
				GCC_C_LANGUAGE_STANDARD = gnu99;
				GCC_ENABLE_OBJC_EXCEPTIONS = YES;
				GCC_WARN_64_TO_32_BIT_CONVERSION = YES;
				GCC_WARN_ABOUT_RETURN_TYPE = YES;
				GCC_WARN_UNINITIALIZED_AUTOS = YES;
				GCC_WARN_UNUSED_VARIABLE = YES;
				MACOSX_DEPLOYMENT_TARGET = 10.8;
				SDKROOT = macosx;
			};
			name = Release;
		};
		44F0AF6F15D945A000D99CED /* Debug */ = {
			isa = XCBuildConfiguration;
			buildSettings = {
				PRODUCT_NAME = URLDecoder;
			};
			name = Debug;
		};
		44F0AF7015D945A000D99CED /* Release */ = {
			isa = XCBuildConfiguration;
			buildSettings = {
				PRODUCT_NAME = URLDecoder;
			};
			name = Release;
		};
/* End XCBuildConfiguration section */

/* Begin XCConfigurationList section */
		44F0AF5B15D945A000D99CED /* Build configuration list for PBXProject "URLDecoder" */ = {
			isa = XCConfigurationList;
			buildConfigurations = (
				44F0AF6C15D945A000D99CED /* Debug */,
				44F0AF6D15D945A000D99CED /* Release */,
			);
			defaultConfigurationIsVisible = 0;
			defaultConfigurationName = Release;
		};
		44F0AF6E15D945A000D99CED /* Build configuration list for PBXNativeTarget "URLDecoder" */ = {
			isa = XCConfigurationList;
			buildConfigurations = (
				44F0AF6F15D945A000D99CED /* Debug */,
				44F0AF7015D945A000D99CED /* Release */,
			);
			defaultConfigurationIsVisible = 0;
		};
/* End XCConfigurationList section */
	};
	rootObject = 44F0AF5815D945A000D99CED /* Project object */;
}
